// !$*UTF8*$!
{
	archiveVersion = 1;
	classes = {
	};
	objectVersion = 55;
	objects = {

/* Begin PBXBuildFile section */
		179E5E0C27D2C4E4004A4F30 /* AppDelegate.swift in Sources */ = {isa = PBXBuildFile; fileRef = 179E5E0B27D2C4E4004A4F30 /* AppDelegate.swift */; };
		179E5E0E27D2C4E4004A4F30 /* SceneDelegate.swift in Sources */ = {isa = PBXBuildFile; fileRef = 179E5E0D27D2C4E4004A4F30 /* SceneDelegate.swift */; };
		179E5E1027D2C4E4004A4F30 /* ViewController.swift in Sources */ = {isa = PBXBuildFile; fileRef = 179E5E0F27D2C4E4004A4F30 /* ViewController.swift */; };
		179E5E1327D2C4E4004A4F30 /* Main.storyboard in Resources */ = {isa = PBXBuildFile; fileRef = 179E5E1127D2C4E4004A4F30 /* Main.storyboard */; };
		179E5E1527D2C4EC004A4F30 /* Assets.xcassets in Resources */ = {isa = PBXBuildFile; fileRef = 179E5E1427D2C4EC004A4F30 /* Assets.xcassets */; };
		179E5E1827D2C4EC004A4F30 /* LaunchScreen.storyboard in Resources */ = {isa = PBXBuildFile; fileRef = 179E5E1627D2C4EC004A4F30 /* LaunchScreen.storyboard */; };
		179E5E2327D2C4ED004A4F30 /* MarvelComicsTests.swift in Sources */ = {isa = PBXBuildFile; fileRef = 179E5E2227D2C4ED004A4F30 /* MarvelComicsTests.swift */; };
		179E5E2D27D2C4ED004A4F30 /* MarvelComicsUITests.swift in Sources */ = {isa = PBXBuildFile; fileRef = 179E5E2C27D2C4ED004A4F30 /* MarvelComicsUITests.swift */; };
		179E5E2F27D2C4ED004A4F30 /* MarvelComicsUITestsLaunchTests.swift in Sources */ = {isa = PBXBuildFile; fileRef = 179E5E2E27D2C4ED004A4F30 /* MarvelComicsUITestsLaunchTests.swift */; };
/* End PBXBuildFile section */

/* Begin PBXContainerItemProxy section */
		179E5E1F27D2C4ED004A4F30 /* PBXContainerItemProxy */ = {
			isa = PBXContainerItemProxy;
			containerPortal = 179E5E0027D2C4E4004A4F30 /* Project object */;
			proxyType = 1;
			remoteGlobalIDString = 179E5E0727D2C4E4004A4F30;
			remoteInfo = MarvelComics;
		};
		179E5E2927D2C4ED004A4F30 /* PBXContainerItemProxy */ = {
			isa = PBXContainerItemProxy;
			containerPortal = 179E5E0027D2C4E4004A4F30 /* Project object */;
			proxyType = 1;
			remoteGlobalIDString = 179E5E0727D2C4E4004A4F30;
			remoteInfo = MarvelComics;
		};
/* End PBXContainerItemProxy section */

/* Begin PBXFileReference section */
		179E5E0827D2C4E4004A4F30 /* MarvelComics.app */ = {isa = PBXFileReference; explicitFileType = wrapper.application; includeInIndex = 0; path = MarvelComics.app; sourceTree = BUILT_PRODUCTS_DIR; };
		179E5E0B27D2C4E4004A4F30 /* AppDelegate.swift */ = {isa = PBXFileReference; lastKnownFileType = sourcecode.swift; path = AppDelegate.swift; sourceTree = "<group>"; };
		179E5E0D27D2C4E4004A4F30 /* SceneDelegate.swift */ = {isa = PBXFileReference; lastKnownFileType = sourcecode.swift; path = SceneDelegate.swift; sourceTree = "<group>"; };
		179E5E0F27D2C4E4004A4F30 /* ViewController.swift */ = {isa = PBXFileReference; lastKnownFileType = sourcecode.swift; path = ViewController.swift; sourceTree = "<group>"; };
		179E5E1227D2C4E4004A4F30 /* Base */ = {isa = PBXFileReference; lastKnownFileType = file.storyboard; name = Base; path = Base.lproj/Main.storyboard; sourceTree = "<group>"; };
		179E5E1427D2C4EC004A4F30 /* Assets.xcassets */ = {isa = PBXFileReference; lastKnownFileType = folder.assetcatalog; path = Assets.xcassets; sourceTree = "<group>"; };
		179E5E1727D2C4EC004A4F30 /* Base */ = {isa = PBXFileReference; lastKnownFileType = file.storyboard; name = Base; path = Base.lproj/LaunchScreen.storyboard; sourceTree = "<group>"; };
		179E5E1927D2C4EC004A4F30 /* Info.plist */ = {isa = PBXFileReference; lastKnownFileType = text.plist.xml; path = Info.plist; sourceTree = "<group>"; };
		179E5E1E27D2C4ED004A4F30 /* MarvelComicsTests.xctest */ = {isa = PBXFileReference; explicitFileType = wrapper.cfbundle; includeInIndex = 0; path = MarvelComicsTests.xctest; sourceTree = BUILT_PRODUCTS_DIR; };
		179E5E2227D2C4ED004A4F30 /* MarvelComicsTests.swift */ = {isa = PBXFileReference; lastKnownFileType = sourcecode.swift; path = MarvelComicsTests.swift; sourceTree = "<group>"; };
		179E5E2827D2C4ED004A4F30 /* MarvelComicsUITests.xctest */ = {isa = PBXFileReference; explicitFileType = wrapper.cfbundle; includeInIndex = 0; path = MarvelComicsUITests.xctest; sourceTree = BUILT_PRODUCTS_DIR; };
		179E5E2C27D2C4ED004A4F30 /* MarvelComicsUITests.swift */ = {isa = PBXFileReference; lastKnownFileType = sourcecode.swift; path = MarvelComicsUITests.swift; sourceTree = "<group>"; };
		179E5E2E27D2C4ED004A4F30 /* MarvelComicsUITestsLaunchTests.swift */ = {isa = PBXFileReference; lastKnownFileType = sourcecode.swift; path = MarvelComicsUITestsLaunchTests.swift; sourceTree = "<group>"; };
/* End PBXFileReference section */

/* Begin PBXFrameworksBuildPhase section */
		179E5E0527D2C4E4004A4F30 /* Frameworks */ = {
			isa = PBXFrameworksBuildPhase;
			buildActionMask = 2147483647;
			files = (
			);
			runOnlyForDeploymentPostprocessing = 0;
		};
		179E5E1B27D2C4ED004A4F30 /* Frameworks */ = {
			isa = PBXFrameworksBuildPhase;
			buildActionMask = 2147483647;
			files = (
			);
			runOnlyForDeploymentPostprocessing = 0;
		};
		179E5E2527D2C4ED004A4F30 /* Frameworks */ = {
			isa = PBXFrameworksBuildPhase;
			buildActionMask = 2147483647;
			files = (
			);
			runOnlyForDeploymentPostprocessing = 0;
		};
/* End PBXFrameworksBuildPhase section */

/* Begin PBXGroup section */
		179E5DFF27D2C4E4004A4F30 = {
			isa = PBXGroup;
			children = (
				179E5E0A27D2C4E4004A4F30 /* MarvelComics */,
				179E5E2127D2C4ED004A4F30 /* MarvelComicsTests */,
				179E5E2B27D2C4ED004A4F30 /* MarvelComicsUITests */,
				179E5E0927D2C4E4004A4F30 /* Products */,
			);
			sourceTree = "<group>";
		};
		179E5E0927D2C4E4004A4F30 /* Products */ = {
			isa = PBXGroup;
			children = (
				179E5E0827D2C4E4004A4F30 /* MarvelComics.app */,
				179E5E1E27D2C4ED004A4F30 /* MarvelComicsTests.xctest */,
				179E5E2827D2C4ED004A4F30 /* MarvelComicsUITests.xctest */,
			);
			name = Products;
			sourceTree = "<group>";
		};
		179E5E0A27D2C4E4004A4F30 /* MarvelComics */ = {
			isa = PBXGroup;
			children = (
				179E5E0B27D2C4E4004A4F30 /* AppDelegate.swift */,
				179E5E0D27D2C4E4004A4F30 /* SceneDelegate.swift */,
				179E5E0F27D2C4E4004A4F30 /* ViewController.swift */,
				179E5E1127D2C4E4004A4F30 /* Main.storyboard */,
				179E5E1427D2C4EC004A4F30 /* Assets.xcassets */,
				179E5E1627D2C4EC004A4F30 /* LaunchScreen.storyboard */,
				179E5E1927D2C4EC004A4F30 /* Info.plist */,
			);
			path = MarvelComics;
			sourceTree = "<group>";
		};
		179E5E2127D2C4ED004A4F30 /* MarvelComicsTests */ = {
			isa = PBXGroup;
			children = (
				179E5E2227D2C4ED004A4F30 /* MarvelComicsTests.swift */,
			);
			path = MarvelComicsTests;
			sourceTree = "<group>";
		};
		179E5E2B27D2C4ED004A4F30 /* MarvelComicsUITests */ = {
			isa = PBXGroup;
			children = (
				179E5E2C27D2C4ED004A4F30 /* MarvelComicsUITests.swift */,
				179E5E2E27D2C4ED004A4F30 /* MarvelComicsUITestsLaunchTests.swift */,
			);
			path = MarvelComicsUITests;
			sourceTree = "<group>";
		};
/* End PBXGroup section */

/* Begin PBXNativeTarget section */
		179E5E0727D2C4E4004A4F30 /* MarvelComics */ = {
			isa = PBXNativeTarget;
			buildConfigurationList = 179E5E3227D2C4ED004A4F30 /* Build configuration list for PBXNativeTarget "MarvelComics" */;
			buildPhases = (
				179E5E0427D2C4E4004A4F30 /* Sources */,
				179E5E0527D2C4E4004A4F30 /* Frameworks */,
				179E5E0627D2C4E4004A4F30 /* Resources */,
			);
			buildRules = (
			);
			dependencies = (
			);
			name = MarvelComics;
			productName = MarvelComics;
			productReference = 179E5E0827D2C4E4004A4F30 /* MarvelComics.app */;
			productType = "com.apple.product-type.application";
		};
		179E5E1D27D2C4ED004A4F30 /* MarvelComicsTests */ = {
			isa = PBXNativeTarget;
			buildConfigurationList = 179E5E3527D2C4ED004A4F30 /* Build configuration list for PBXNativeTarget "MarvelComicsTests" */;
			buildPhases = (
				179E5E1A27D2C4ED004A4F30 /* Sources */,
				179E5E1B27D2C4ED004A4F30 /* Frameworks */,
				179E5E1C27D2C4ED004A4F30 /* Resources */,
			);
			buildRules = (
			);
			dependencies = (
				179E5E2027D2C4ED004A4F30 /* PBXTargetDependency */,
			);
			name = MarvelComicsTests;
			productName = MarvelComicsTests;
			productReference = 179E5E1E27D2C4ED004A4F30 /* MarvelComicsTests.xctest */;
			productType = "com.apple.product-type.bundle.unit-test";
		};
		179E5E2727D2C4ED004A4F30 /* MarvelComicsUITests */ = {
			isa = PBXNativeTarget;
			buildConfigurationList = 179E5E3827D2C4ED004A4F30 /* Build configuration list for PBXNativeTarget "MarvelComicsUITests" */;
			buildPhases = (
				179E5E2427D2C4ED004A4F30 /* Sources */,
				179E5E2527D2C4ED004A4F30 /* Frameworks */,
				179E5E2627D2C4ED004A4F30 /* Resources */,
			);
			buildRules = (
			);
			dependencies = (
				179E5E2A27D2C4ED004A4F30 /* PBXTargetDependency */,
			);
			name = MarvelComicsUITests;
			productName = MarvelComicsUITests;
			productReference = 179E5E2827D2C4ED004A4F30 /* MarvelComicsUITests.xctest */;
			productType = "com.apple.product-type.bundle.ui-testing";
		};
/* End PBXNativeTarget section */

/* Begin PBXProject section */
		179E5E0027D2C4E4004A4F30 /* Project object */ = {
			isa = PBXProject;
			attributes = {
				BuildIndependentTargetsInParallel = 1;
				LastSwiftUpdateCheck = 1320;
				LastUpgradeCheck = 1320;
				TargetAttributes = {
					179E5E0727D2C4E4004A4F30 = {
						CreatedOnToolsVersion = 13.2.1;
					};
					179E5E1D27D2C4ED004A4F30 = {
						CreatedOnToolsVersion = 13.2.1;
						TestTargetID = 179E5E0727D2C4E4004A4F30;
					};
					179E5E2727D2C4ED004A4F30 = {
						CreatedOnToolsVersion = 13.2.1;
						TestTargetID = 179E5E0727D2C4E4004A4F30;
					};
				};
			};
			buildConfigurationList = 179E5E0327D2C4E4004A4F30 /* Build configuration list for PBXProject "MarvelComics" */;
			compatibilityVersion = "Xcode 13.0";
			developmentRegion = en;
			hasScannedForEncodings = 0;
			knownRegions = (
				en,
				Base,
			);
			mainGroup = 179E5DFF27D2C4E4004A4F30;
			productRefGroup = 179E5E0927D2C4E4004A4F30 /* Products */;
			projectDirPath = "";
			projectRoot = "";
			targets = (
				179E5E0727D2C4E4004A4F30 /* MarvelComics */,
				179E5E1D27D2C4ED004A4F30 /* MarvelComicsTests */,
				179E5E2727D2C4ED004A4F30 /* MarvelComicsUITests */,
			);
		};
/* End PBXProject section */

/* Begin PBXResourcesBuildPhase section */
		179E5E0627D2C4E4004A4F30 /* Resources */ = {
			isa = PBXResourcesBuildPhase;
			buildActionMask = 2147483647;
			files = (
				179E5E1827D2C4EC004A4F30 /* LaunchScreen.storyboard in Resources */,
				179E5E1527D2C4EC004A4F30 /* Assets.xcassets in Resources */,
				179E5E1327D2C4E4004A4F30 /* Main.storyboard in Resources */,
			);
			runOnlyForDeploymentPostprocessing = 0;
		};
		179E5E1C27D2C4ED004A4F30 /* Resources */ = {
			isa = PBXResourcesBuildPhase;
			buildActionMask = 2147483647;
			files = (
			);
			runOnlyForDeploymentPostprocessing = 0;
		};
		179E5E2627D2C4ED004A4F30 /* Resources */ = {
			isa = PBXResourcesBuildPhase;
			buildActionMask = 2147483647;
			files = (
			);
			runOnlyForDeploymentPostprocessing = 0;
		};
/* End PBXResourcesBuildPhase section */

/* Begin PBXSourcesBuildPhase section */
		179E5E0427D2C4E4004A4F30 /* Sources */ = {
			isa = PBXSourcesBuildPhase;
			buildActionMask = 2147483647;
			files = (
				179E5E1027D2C4E4004A4F30 /* ViewController.swift in Sources */,
				179E5E0C27D2C4E4004A4F30 /* AppDelegate.swift in Sources */,
				179E5E0E27D2C4E4004A4F30 /* SceneDelegate.swift in Sources */,
			);
			runOnlyForDeploymentPostprocessing = 0;
		};
		179E5E1A27D2C4ED004A4F30 /* Sources */ = {
			isa = PBXSourcesBuildPhase;
			buildActionMask = 2147483647;
			files = (
				179E5E2327D2C4ED004A4F30 /* MarvelComicsTests.swift in Sources */,
			);
			runOnlyForDeploymentPostprocessing = 0;
		};
		179E5E2427D2C4ED004A4F30 /* Sources */ = {
			isa = PBXSourcesBuildPhase;
			buildActionMask = 2147483647;
			files = (
				179E5E2D27D2C4ED004A4F30 /* MarvelComicsUITests.swift in Sources */,
				179E5E2F27D2C4ED004A4F30 /* MarvelComicsUITestsLaunchTests.swift in Sources */,
			);
			runOnlyForDeploymentPostprocessing = 0;
		};
/* End PBXSourcesBuildPhase section */

/* Begin PBXTargetDependency section */
		179E5E2027D2C4ED004A4F30 /* PBXTargetDependency */ = {
			isa = PBXTargetDependency;
			target = 179E5E0727D2C4E4004A4F30 /* MarvelComics */;
			targetProxy = 179E5E1F27D2C4ED004A4F30 /* PBXContainerItemProxy */;
		};
		179E5E2A27D2C4ED004A4F30 /* PBXTargetDependency */ = {
			isa = PBXTargetDependency;
			target = 179E5E0727D2C4E4004A4F30 /* MarvelComics */;
			targetProxy = 179E5E2927D2C4ED004A4F30 /* PBXContainerItemProxy */;
		};
/* End PBXTargetDependency section */

/* Begin PBXVariantGroup section */
		179E5E1127D2C4E4004A4F30 /* Main.storyboard */ = {
			isa = PBXVariantGroup;
			children = (
				179E5E1227D2C4E4004A4F30 /* Base */,
			);
			name = Main.storyboard;
			sourceTree = "<group>";
		};
		179E5E1627D2C4EC004A4F30 /* LaunchScreen.storyboard */ = {
			isa = PBXVariantGroup;
			children = (
				179E5E1727D2C4EC004A4F30 /* Base */,
			);
			name = LaunchScreen.storyboard;
			sourceTree = "<group>";
		};
/* End PBXVariantGroup section */

/* Begin XCBuildConfiguration section */
		179E5E3027D2C4ED004A4F30 /* Debug */ = {
			isa = XCBuildConfiguration;
			buildSettings = {
				ALWAYS_SEARCH_USER_PATHS = NO;
				CLANG_ANALYZER_NONNULL = YES;
				CLANG_ANALYZER_NUMBER_OBJECT_CONVERSION = YES_AGGRESSIVE;
				CLANG_CXX_LANGUAGE_STANDARD = "gnu++17";
				CLANG_CXX_LIBRARY = "libc++";
				CLANG_ENABLE_MODULES = YES;
				CLANG_ENABLE_OBJC_ARC = YES;
				CLANG_ENABLE_OBJC_WEAK = YES;
				CLANG_WARN_BLOCK_CAPTURE_AUTORELEASING = YES;
				CLANG_WARN_BOOL_CONVERSION = YES;
				CLANG_WARN_COMMA = YES;
				CLANG_WARN_CONSTANT_CONVERSION = YES;
				CLANG_WARN_DEPRECATED_OBJC_IMPLEMENTATIONS = YES;
				CLANG_WARN_DIRECT_OBJC_ISA_USAGE = YES_ERROR;
				CLANG_WARN_DOCUMENTATION_COMMENTS = YES;
				CLANG_WARN_EMPTY_BODY = YES;
				CLANG_WARN_ENUM_CONVERSION = YES;
				CLANG_WARN_INFINITE_RECURSION = YES;
				CLANG_WARN_INT_CONVERSION = YES;
				CLANG_WARN_NON_LITERAL_NULL_CONVERSION = YES;
				CLANG_WARN_OBJC_IMPLICIT_RETAIN_SELF = YES;
				CLANG_WARN_OBJC_LITERAL_CONVERSION = YES;
				CLANG_WARN_OBJC_ROOT_CLASS = YES_ERROR;
				CLANG_WARN_QUOTED_INCLUDE_IN_FRAMEWORK_HEADER = YES;
				CLANG_WARN_RANGE_LOOP_ANALYSIS = YES;
				CLANG_WARN_STRICT_PROTOTYPES = YES;
				CLANG_WARN_SUSPICIOUS_MOVE = YES;
				CLANG_WARN_UNGUARDED_AVAILABILITY = YES_AGGRESSIVE;
				CLANG_WARN_UNREACHABLE_CODE = YES;
				CLANG_WARN__DUPLICATE_METHOD_MATCH = YES;
				COPY_PHASE_STRIP = NO;
				DEBUG_INFORMATION_FORMAT = dwarf;
				ENABLE_STRICT_OBJC_MSGSEND = YES;
				ENABLE_TESTABILITY = YES;
				GCC_C_LANGUAGE_STANDARD = gnu11;
				GCC_DYNAMIC_NO_PIC = NO;
				GCC_NO_COMMON_BLOCKS = YES;
				GCC_OPTIMIZATION_LEVEL = 0;
				GCC_PREPROCESSOR_DEFINITIONS = (
					"DEBUG=1",
					"$(inherited)",
				);
				GCC_WARN_64_TO_32_BIT_CONVERSION = YES;
				GCC_WARN_ABOUT_RETURN_TYPE = YES_ERROR;
				GCC_WARN_UNDECLARED_SELECTOR = YES;
				GCC_WARN_UNINITIALIZED_AUTOS = YES_AGGRESSIVE;
				GCC_WARN_UNUSED_FUNCTION = YES;
				GCC_WARN_UNUSED_VARIABLE = YES;
				IPHONEOS_DEPLOYMENT_TARGET = 15.2;
				MTL_ENABLE_DEBUG_INFO = INCLUDE_SOURCE;
				MTL_FAST_MATH = YES;
				ONLY_ACTIVE_ARCH = YES;
				SDKROOT = iphoneos;
				SWIFT_ACTIVE_COMPILATION_CONDITIONS = DEBUG;
				SWIFT_OPTIMIZATION_LEVEL = "-Onone";
			};
			name = Debug;
		};
		179E5E3127D2C4ED004A4F30 /* Release */ = {
			isa = XCBuildConfiguration;
			buildSettings = {
				ALWAYS_SEARCH_USER_PATHS = NO;
				CLANG_ANALYZER_NONNULL = YES;
				CLANG_ANALYZER_NUMBER_OBJECT_CONVERSION = YES_AGGRESSIVE;
				CLANG_CXX_LANGUAGE_STANDARD = "gnu++17";
				CLANG_CXX_LIBRARY = "libc++";
				CLANG_ENABLE_MODULES = YES;
				CLANG_ENABLE_OBJC_ARC = YES;
				CLANG_ENABLE_OBJC_WEAK = YES;
				CLANG_WARN_BLOCK_CAPTURE_AUTORELEASING = YES;
				CLANG_WARN_BOOL_CONVERSION = YES;
				CLANG_WARN_COMMA = YES;
				CLANG_WARN_CONSTANT_CONVERSION = YES;
				CLANG_WARN_DEPRECATED_OBJC_IMPLEMENTATIONS = YES;
				CLANG_WARN_DIRECT_OBJC_ISA_USAGE = YES_ERROR;
				CLANG_WARN_DOCUMENTATION_COMMENTS = YES;
				CLANG_WARN_EMPTY_BODY = YES;
				CLANG_WARN_ENUM_CONVERSION = YES;
				CLANG_WARN_INFINITE_RECURSION = YES;
				CLANG_WARN_INT_CONVERSION = YES;
				CLANG_WARN_NON_LITERAL_NULL_CONVERSION = YES;
				CLANG_WARN_OBJC_IMPLICIT_RETAIN_SELF = YES;
				CLANG_WARN_OBJC_LITERAL_CONVERSION = YES;
				CLANG_WARN_OBJC_ROOT_CLASS = YES_ERROR;
				CLANG_WARN_QUOTED_INCLUDE_IN_FRAMEWORK_HEADER = YES;
				CLANG_WARN_RANGE_LOOP_ANALYSIS = YES;
				CLANG_WARN_STRICT_PROTOTYPES = YES;
				CLANG_WARN_SUSPICIOUS_MOVE = YES;
				CLANG_WARN_UNGUARDED_AVAILABILITY = YES_AGGRESSIVE;
				CLANG_WARN_UNREACHABLE_CODE = YES;
				CLANG_WARN__DUPLICATE_METHOD_MATCH = YES;
				COPY_PHASE_STRIP = NO;
				DEBUG_INFORMATION_FORMAT = "dwarf-with-dsym";
				ENABLE_NS_ASSERTIONS = NO;
				ENABLE_STRICT_OBJC_MSGSEND = YES;
				GCC_C_LANGUAGE_STANDARD = gnu11;
				GCC_NO_COMMON_BLOCKS = YES;
				GCC_WARN_64_TO_32_BIT_CONVERSION = YES;
				GCC_WARN_ABOUT_RETURN_TYPE = YES_ERROR;
				GCC_WARN_UNDECLARED_SELECTOR = YES;
				GCC_WARN_UNINITIALIZED_AUTOS = YES_AGGRESSIVE;
				GCC_WARN_UNUSED_FUNCTION = YES;
				GCC_WARN_UNUSED_VARIABLE = YES;
				IPHONEOS_DEPLOYMENT_TARGET = 15.2;
				MTL_ENABLE_DEBUG_INFO = NO;
				MTL_FAST_MATH = YES;
				SDKROOT = iphoneos;
				SWIFT_COMPILATION_MODE = wholemodule;
				SWIFT_OPTIMIZATION_LEVEL = "-O";
				VALIDATE_PRODUCT = YES;
			};
			name = Release;
		};
		179E5E3327D2C4ED004A4F30 /* Debug */ = {
			isa = XCBuildConfiguration;
			buildSettings = {
				ASSETCATALOG_COMPILER_APPICON_NAME = AppIcon;
				ASSETCATALOG_COMPILER_GLOBAL_ACCENT_COLOR_NAME = AccentColor;
				CODE_SIGN_STYLE = Automatic;
				CURRENT_PROJECT_VERSION = 1;
				DEVELOPMENT_TEAM = BVQWZHV3NP;
				GENERATE_INFOPLIST_FILE = YES;
				INFOPLIST_FILE = MarvelComics/Info.plist;
				INFOPLIST_KEY_UIApplicationSupportsIndirectInputEvents = YES;
				INFOPLIST_KEY_UILaunchStoryboardName = LaunchScreen;
				INFOPLIST_KEY_UIMainStoryboardFile = Main;
				INFOPLIST_KEY_UISupportedInterfaceOrientations_iPad = "UIInterfaceOrientationPortrait UIInterfaceOrientationPortraitUpsideDown UIInterfaceOrientationLandscapeLeft UIInterfaceOrientationLandscapeRight";
				INFOPLIST_KEY_UISupportedInterfaceOrientations_iPhone = "UIInterfaceOrientationPortrait UIInterfaceOrientationLandscapeLeft UIInterfaceOrientationLandscapeRight";
				LD_RUNPATH_SEARCH_PATHS = (
					"$(inherited)",
					"@executable_path/Frameworks",
				);
				MARKETING_VERSION = 1.0;
				PRODUCT_BUNDLE_IDENTIFIER = net.digitalbeans.MarvelComics;
				PRODUCT_NAME = "$(TARGET_NAME)";
				SWIFT_EMIT_LOC_STRINGS = YES;
				SWIFT_VERSION = 5.0;
				TARGETED_DEVICE_FAMILY = "1,2";
			};
			name = Debug;
		};
		179E5E3427D2C4ED004A4F30 /* Release */ = {
			isa = XCBuildConfiguration;
			buildSettings = {
				ASSETCATALOG_COMPILER_APPICON_NAME = AppIcon;
				ASSETCATALOG_COMPILER_GLOBAL_ACCENT_COLOR_NAME = AccentColor;
				CODE_SIGN_STYLE = Automatic;
				CURRENT_PROJECT_VERSION = 1;
				DEVELOPMENT_TEAM = BVQWZHV3NP;
				GENERATE_INFOPLIST_FILE = YES;
				INFOPLIST_FILE = MarvelComics/Info.plist;
				INFOPLIST_KEY_UIApplicationSupportsIndirectInputEvents = YES;
				INFOPLIST_KEY_UILaunchStoryboardName = LaunchScreen;
				INFOPLIST_KEY_UIMainStoryboardFile = Main;
				INFOPLIST_KEY_UISupportedInterfaceOrientations_iPad = "UIInterfaceOrientationPortrait UIInterfaceOrientationPortraitUpsideDown UIInterfaceOrientationLandscapeLeft UIInterfaceOrientationLandscapeRight";
				INFOPLIST_KEY_UISupportedInterfaceOrientations_iPhone = "UIInterfaceOrientationPortrait UIInterfaceOrientationLandscapeLeft UIInterfaceOrientationLandscapeRight";
				LD_RUNPATH_SEARCH_PATHS = (
					"$(inherited)",
					"@executable_path/Frameworks",
				);
				MARKETING_VERSION = 1.0;
				PRODUCT_BUNDLE_IDENTIFIER = net.digitalbeans.MarvelComics;
				PRODUCT_NAME = "$(TARGET_NAME)";
				SWIFT_EMIT_LOC_STRINGS = YES;
				SWIFT_VERSION = 5.0;
				TARGETED_DEVICE_FAMILY = "1,2";
			};
			name = Release;
		};
		179E5E3627D2C4ED004A4F30 /* Debug */ = {
			isa = XCBuildConfiguration;
			buildSettings = {
				ALWAYS_EMBED_SWIFT_STANDARD_LIBRARIES = YES;
				BUNDLE_LOADER = "$(TEST_HOST)";
				CODE_SIGN_STYLE = Automatic;
				CURRENT_PROJECT_VERSION = 1;
				DEVELOPMENT_TEAM = BVQWZHV3NP;
				GENERATE_INFOPLIST_FILE = YES;
				IPHONEOS_DEPLOYMENT_TARGET = 15.2;
				MARKETING_VERSION = 1.0;
				PRODUCT_BUNDLE_IDENTIFIER = net.digitalbeans.MarvelComicsTests;
				PRODUCT_NAME = "$(TARGET_NAME)";
				SWIFT_EMIT_LOC_STRINGS = NO;
				SWIFT_VERSION = 5.0;
				TARGETED_DEVICE_FAMILY = "1,2";
				TEST_HOST = "$(BUILT_PRODUCTS_DIR)/MarvelComics.app/MarvelComics";
			};
			name = Debug;
		};
		179E5E3727D2C4ED004A4F30 /* Release */ = {
			isa = XCBuildConfiguration;
			buildSettings = {
				ALWAYS_EMBED_SWIFT_STANDARD_LIBRARIES = YES;
				BUNDLE_LOADER = "$(TEST_HOST)";
				CODE_SIGN_STYLE = Automatic;
				CURRENT_PROJECT_VERSION = 1;
				DEVELOPMENT_TEAM = BVQWZHV3NP;
				GENERATE_INFOPLIST_FILE = YES;
				IPHONEOS_DEPLOYMENT_TARGET = 15.2;
				MARKETING_VERSION = 1.0;
				PRODUCT_BUNDLE_IDENTIFIER = net.digitalbeans.MarvelComicsTests;
				PRODUCT_NAME = "$(TARGET_NAME)";
				SWIFT_EMIT_LOC_STRINGS = NO;
				SWIFT_VERSION = 5.0;
				TARGETED_DEVICE_FAMILY = "1,2";
				TEST_HOST = "$(BUILT_PRODUCTS_DIR)/MarvelComics.app/MarvelComics";
			};
			name = Release;
		};
		179E5E3927D2C4ED004A4F30 /* Debug */ = {
			isa = XCBuildConfiguration;
			buildSettings = {
				ALWAYS_EMBED_SWIFT_STANDARD_LIBRARIES = YES;
				CODE_SIGN_STYLE = Automatic;
				CURRENT_PROJECT_VERSION = 1;
				DEVELOPMENT_TEAM = BVQWZHV3NP;
				GENERATE_INFOPLIST_FILE = YES;
				MARKETING_VERSION = 1.0;
				PRODUCT_BUNDLE_IDENTIFIER = net.digitalbeans.MarvelComicsUITests;
				PRODUCT_NAME = "$(TARGET_NAME)";
				SWIFT_EMIT_LOC_STRINGS = NO;
				SWIFT_VERSION = 5.0;
				TARGETED_DEVICE_FAMILY = "1,2";
				TEST_TARGET_NAME = MarvelComics;
			};
			name = Debug;
		};
		179E5E3A27D2C4ED004A4F30 /* Release */ = {
			isa = XCBuildConfiguration;
			buildSettings = {
				ALWAYS_EMBED_SWIFT_STANDARD_LIBRARIES = YES;
				CODE_SIGN_STYLE = Automatic;
				CURRENT_PROJECT_VERSION = 1;
				DEVELOPMENT_TEAM = BVQWZHV3NP;
				GENERATE_INFOPLIST_FILE = YES;
				MARKETING_VERSION = 1.0;
				PRODUCT_BUNDLE_IDENTIFIER = net.digitalbeans.MarvelComicsUITests;
				PRODUCT_NAME = "$(TARGET_NAME)";
				SWIFT_EMIT_LOC_STRINGS = NO;
				SWIFT_VERSION = 5.0;
				TARGETED_DEVICE_FAMILY = "1,2";
				TEST_TARGET_NAME = MarvelComics;
			};
			name = Release;
		};
/* End XCBuildConfiguration section */

/* Begin XCConfigurationList section */
		179E5E0327D2C4E4004A4F30 /* Build configuration list for PBXProject "MarvelComics" */ = {
			isa = XCConfigurationList;
			buildConfigurations = (
				179E5E3027D2C4ED004A4F30 /* Debug */,
				179E5E3127D2C4ED004A4F30 /* Release */,
			);
			defaultConfigurationIsVisible = 0;
			defaultConfigurationName = Release;
		};
		179E5E3227D2C4ED004A4F30 /* Build configuration list for PBXNativeTarget "MarvelComics" */ = {
			isa = XCConfigurationList;
			buildConfigurations = (
				179E5E3327D2C4ED004A4F30 /* Debug */,
				179E5E3427D2C4ED004A4F30 /* Release */,
			);
			defaultConfigurationIsVisible = 0;
			defaultConfigurationName = Release;
		};
		179E5E3527D2C4ED004A4F30 /* Build configuration list for PBXNativeTarget "MarvelComicsTests" */ = {
			isa = XCConfigurationList;
			buildConfigurations = (
				179E5E3627D2C4ED004A4F30 /* Debug */,
				179E5E3727D2C4ED004A4F30 /* Release */,
			);
			defaultConfigurationIsVisible = 0;
			defaultConfigurationName = Release;
		};
		179E5E3827D2C4ED004A4F30 /* Build configuration list for PBXNativeTarget "MarvelComicsUITests" */ = {
			isa = XCConfigurationList;
			buildConfigurations = (
				179E5E3927D2C4ED004A4F30 /* Debug */,
				179E5E3A27D2C4ED004A4F30 /* Release */,
			);
			defaultConfigurationIsVisible = 0;
			defaultConfigurationName = Release;
		};
/* End XCConfigurationList section */
	};
	rootObject = 179E5E0027D2C4E4004A4F30 /* Project object */;
}
